
Microsoft Visual Studio Solution File, Format Version 12.00
# Visual Studio Version 17
VisualStudioVersion = 17.9.34728.123
MinimumVisualStudioVersion = 10.0.40219.1
Project("{FAE04EC0-301F-11D3-BF4B-00C04F79EFBC}") = "mqtt_parser", "mqtt_parser.csproj", "{AD9C96B7-C397-4EFF-8B4B-9E8B654CD63C}"
EndProject
Global
	GlobalSection(SolutionConfigurationPlatforms) = preSolution
		Debug|Any CPU = Debug|Any CPU
		Release|Any CPU = Release|Any CPU
	EndGlobalSection
	GlobalSection(ProjectConfigurationPlatforms) = postSolution
		{AD9C96B7-C397-4EFF-8B4B-9E8B654CD63C}.Debug|Any CPU.ActiveCfg = Debug|Any CPU
		{AD9C96B7-C397-4EFF-8B4B-9E8B654CD63C}.Debug|Any CPU.Build.0 = Debug|Any CPU
		{AD9C96B7-C397-4EFF-8B4B-9E8B654CD63C}.Release|Any CPU.ActiveCfg = Release|Any CPU
		{AD9C96B7-C397-4EFF-8B4B-9E8B654CD63C}.Release|Any CPU.Build.0 = Release|Any CPU
	EndGlobalSection
	GlobalSection(SolutionProperties) = preSolution
		HideSolutionNode = FALSE
	EndGlobalSection
	GlobalSection(ExtensibilityGlobals) = postSolution
		SolutionGuid = {9D54AB63-743B-49FB-B3C1-E3EFC787B6FA}
	EndGlobalSection
EndGlobal
